
Microsoft Visual Studio Solution File, Format Version 12.00
# Visual Studio Version 17
VisualStudioVersion = 17.7.34031.279
MinimumVisualStudioVersion = 10.0.40219.1
Project("{9A19103F-16F7-4668-BE54-9A1E7A4F7556}") = "OBilet.Web", "OBilet.Web\OBilet.Web.csproj", "{61E31ECA-2EC1-44C9-9138-CF3B3756356E}"
EndProject
Project("{9A19103F-16F7-4668-BE54-9A1E7A4F7556}") = "OBilet.Integration", "OBilet.Integration\OBilet.Integration.csproj", "{3150AC04-3CF6-4191-BCD4-D1EA7CF0D8F6}"
EndProject
Project("{FAE04EC0-301F-11D3-BF4B-00C04F79EFBC}") = "OBilet.Core", "OBilet.Core\OBilet.Core.csproj", "{02048616-B3A1-459A-978F-6AAE23D07213}"
EndProject
Global
	GlobalSection(SolutionConfigurationPlatforms) = preSolution
		Debug|Any CPU = Debug|Any CPU
		Release|Any CPU = Release|Any CPU
	EndGlobalSection
	GlobalSection(ProjectConfigurationPlatforms) = postSolution
		{61E31ECA-2EC1-44C9-9138-CF3B3756356E}.Debug|Any CPU.ActiveCfg = Debug|Any CPU
		{61E31ECA-2EC1-44C9-9138-CF3B3756356E}.Debug|Any CPU.Build.0 = Debug|Any CPU
		{61E31ECA-2EC1-44C9-9138-CF3B3756356E}.Release|Any CPU.ActiveCfg = Release|Any CPU
		{61E31ECA-2EC1-44C9-9138-CF3B3756356E}.Release|Any CPU.Build.0 = Release|Any CPU
		{3150AC04-3CF6-4191-BCD4-D1EA7CF0D8F6}.Debug|Any CPU.ActiveCfg = Debug|Any CPU
		{3150AC04-3CF6-4191-BCD4-D1EA7CF0D8F6}.Debug|Any CPU.Build.0 = Debug|Any CPU
		{3150AC04-3CF6-4191-BCD4-D1EA7CF0D8F6}.Release|Any CPU.ActiveCfg = Release|Any CPU
		{3150AC04-3CF6-4191-BCD4-D1EA7CF0D8F6}.Release|Any CPU.Build.0 = Release|Any CPU
		{02048616-B3A1-459A-978F-6AAE23D07213}.Debug|Any CPU.ActiveCfg = Debug|Any CPU
		{02048616-B3A1-459A-978F-6AAE23D07213}.Debug|Any CPU.Build.0 = Debug|Any CPU
		{02048616-B3A1-459A-978F-6AAE23D07213}.Release|Any CPU.ActiveCfg = Release|Any CPU
		{02048616-B3A1-459A-978F-6AAE23D07213}.Release|Any CPU.Build.0 = Release|Any CPU
	EndGlobalSection
	GlobalSection(SolutionProperties) = preSolution
		HideSolutionNode = FALSE
	EndGlobalSection
	GlobalSection(ExtensibilityGlobals) = postSolution
		SolutionGuid = {E0DF22D4-D2B2-4B20-9D13-47F72B38AB74}
	EndGlobalSection
EndGlobal
